// !$*UTF8*$!
{
	archiveVersion = 1;
	classes = {
	};
	objectVersion = 55;
	objects = {

/* Begin PBXBuildFile section */
		CC0C7606279BD076006C220A /* CircleTimer WatchKit App.app in Embed Watch Content */ = {isa = PBXBuildFile; fileRef = CC0C7605279BD076006C220A /* CircleTimer WatchKit App.app */; settings = {ATTRIBUTES = (RemoveHeadersOnCopy, ); }; };
		CC0C760B279BD077006C220A /* Assets.xcassets in Resources */ = {isa = PBXBuildFile; fileRef = CC0C760A279BD077006C220A /* Assets.xcassets */; };
		CC0C7616279BD077006C220A /* CircleTimerApp.swift in Sources */ = {isa = PBXBuildFile; fileRef = CC0C7615279BD077006C220A /* CircleTimerApp.swift */; };
		CC0C761A279BD077006C220A /* NotificationController.swift in Sources */ = {isa = PBXBuildFile; fileRef = CC0C7619279BD077006C220A /* NotificationController.swift */; };
		CC0C761C279BD077006C220A /* NotificationView.swift in Sources */ = {isa = PBXBuildFile; fileRef = CC0C761B279BD077006C220A /* NotificationView.swift */; };
		CC0C761E279BD077006C220A /* ComplicationController.swift in Sources */ = {isa = PBXBuildFile; fileRef = CC0C761D279BD077006C220A /* ComplicationController.swift */; };
		CC0C7620279BD077006C220A /* Assets.xcassets in Resources */ = {isa = PBXBuildFile; fileRef = CC0C761F279BD077006C220A /* Assets.xcassets */; };
		CC0C7623279BD077006C220A /* Preview Assets.xcassets in Resources */ = {isa = PBXBuildFile; fileRef = CC0C7622279BD077006C220A /* Preview Assets.xcassets */; };
		CC0C7639279BD23B006C220A /* SettingsView.swift in Sources */ = {isa = PBXBuildFile; fileRef = CC0C7638279BD23B006C220A /* SettingsView.swift */; };
		CC0C763B279BD241006C220A /* TimerView.swift in Sources */ = {isa = PBXBuildFile; fileRef = CC0C763A279BD241006C220A /* TimerView.swift */; };
		CC0C7640279BD325006C220A /* TimerViewModel.swift in Sources */ = {isa = PBXBuildFile; fileRef = CC0C763F279BD325006C220A /* TimerViewModel.swift */; };
		CC0C7642279BD32E006C220A /* SettingsViewModel.swift in Sources */ = {isa = PBXBuildFile; fileRef = CC0C7641279BD32E006C220A /* SettingsViewModel.swift */; };
		CC0C7644279BD335006C220A /* HomeViewModel.swift in Sources */ = {isa = PBXBuildFile; fileRef = CC0C7643279BD335006C220A /* HomeViewModel.swift */; };
		CC970131279BD7EC00208A51 /* CircleTimer WatchKit Extension.appex in Embed App Extensions */ = {isa = PBXBuildFile; fileRef = CC0C7610279BD077006C220A /* CircleTimer WatchKit Extension.appex */; settings = {ATTRIBUTES = (RemoveHeadersOnCopy, ); }; };
		CC970136279BD9D900208A51 /* HomeView.swift in Sources */ = {isa = PBXBuildFile; fileRef = CC0C7617279BD077006C220A /* HomeView.swift */; };
		CC970139279BDC0B00208A51 /* TimePickerView.swift in Sources */ = {isa = PBXBuildFile; fileRef = CC970138279BDC0B00208A51 /* TimePickerView.swift */; };
		CC97013B279BDCB300208A51 /* TimePickerViewModel.swift in Sources */ = {isa = PBXBuildFile; fileRef = CC97013A279BDCB300208A51 /* TimePickerViewModel.swift */; };
		CC97013E279BDF2F00208A51 /* IntExtension.swift in Sources */ = {isa = PBXBuildFile; fileRef = CC97013D279BDF2F00208A51 /* IntExtension.swift */; };
		CC970141279C134A00208A51 /* CountdownCircleView.swift in Sources */ = {isa = PBXBuildFile; fileRef = CC970140279C134A00208A51 /* CountdownCircleView.swift */; };
		CC970143279C175800208A51 /* CountdownCircleViewModel.swift in Sources */ = {isa = PBXBuildFile; fileRef = CC970142279C175800208A51 /* CountdownCircleViewModel.swift */; };
/* End PBXBuildFile section */

/* Begin PBXContainerItemProxy section */
		CC0C7607279BD076006C220A /* PBXContainerItemProxy */ = {
			isa = PBXContainerItemProxy;
			containerPortal = CC0C75FB279BD076006C220A /* Project object */;
			proxyType = 1;
			remoteGlobalIDString = CC0C7604279BD076006C220A;
			remoteInfo = "CircleTimer WatchKit App";
		};
		CC970132279BD7EC00208A51 /* PBXContainerItemProxy */ = {
			isa = PBXContainerItemProxy;
			containerPortal = CC0C75FB279BD076006C220A /* Project object */;
			proxyType = 1;
			remoteGlobalIDString = CC0C760F279BD077006C220A;
			remoteInfo = "CircleTimer WatchKit Extension";
		};
/* End PBXContainerItemProxy section */

/* Begin PBXCopyFilesBuildPhase section */
		CC0C762F279BD077006C220A /* Embed Watch Content */ = {
			isa = PBXCopyFilesBuildPhase;
			buildActionMask = 2147483647;
			dstPath = "$(CONTENTS_FOLDER_PATH)/Watch";
			dstSubfolderSpec = 16;
			files = (
				CC0C7606279BD076006C220A /* CircleTimer WatchKit App.app in Embed Watch Content */,
			);
			name = "Embed Watch Content";
			runOnlyForDeploymentPostprocessing = 0;
		};
		CC970134279BD7EC00208A51 /* Embed App Extensions */ = {
			isa = PBXCopyFilesBuildPhase;
			buildActionMask = 2147483647;
			dstPath = "";
			dstSubfolderSpec = 13;
			files = (
				CC970131279BD7EC00208A51 /* CircleTimer WatchKit Extension.appex in Embed App Extensions */,
			);
			name = "Embed App Extensions";
			runOnlyForDeploymentPostprocessing = 0;
		};
/* End PBXCopyFilesBuildPhase section */

/* Begin PBXFileReference section */
		CC0C7601279BD076006C220A /* CircleTimer.app */ = {isa = PBXFileReference; explicitFileType = wrapper.application; includeInIndex = 0; path = CircleTimer.app; sourceTree = BUILT_PRODUCTS_DIR; };
		CC0C7605279BD076006C220A /* CircleTimer WatchKit App.app */ = {isa = PBXFileReference; explicitFileType = wrapper.application; includeInIndex = 0; path = "CircleTimer WatchKit App.app"; sourceTree = BUILT_PRODUCTS_DIR; };
		CC0C760A279BD077006C220A /* Assets.xcassets */ = {isa = PBXFileReference; lastKnownFileType = folder.assetcatalog; path = Assets.xcassets; sourceTree = "<group>"; };
		CC0C7610279BD077006C220A /* CircleTimer WatchKit Extension.appex */ = {isa = PBXFileReference; explicitFileType = "wrapper.app-extension"; includeInIndex = 0; path = "CircleTimer WatchKit Extension.appex"; sourceTree = BUILT_PRODUCTS_DIR; };
		CC0C7615279BD077006C220A /* CircleTimerApp.swift */ = {isa = PBXFileReference; lastKnownFileType = sourcecode.swift; path = CircleTimerApp.swift; sourceTree = "<group>"; };
		CC0C7617279BD077006C220A /* HomeView.swift */ = {isa = PBXFileReference; lastKnownFileType = sourcecode.swift; path = HomeView.swift; sourceTree = "<group>"; };
		CC0C7619279BD077006C220A /* NotificationController.swift */ = {isa = PBXFileReference; lastKnownFileType = sourcecode.swift; path = NotificationController.swift; sourceTree = "<group>"; };
		CC0C761B279BD077006C220A /* NotificationView.swift */ = {isa = PBXFileReference; lastKnownFileType = sourcecode.swift; path = NotificationView.swift; sourceTree = "<group>"; };
		CC0C761D279BD077006C220A /* ComplicationController.swift */ = {isa = PBXFileReference; lastKnownFileType = sourcecode.swift; path = ComplicationController.swift; sourceTree = "<group>"; };
		CC0C761F279BD077006C220A /* Assets.xcassets */ = {isa = PBXFileReference; lastKnownFileType = folder.assetcatalog; path = Assets.xcassets; sourceTree = "<group>"; };
		CC0C7622279BD077006C220A /* Preview Assets.xcassets */ = {isa = PBXFileReference; lastKnownFileType = folder.assetcatalog; path = "Preview Assets.xcassets"; sourceTree = "<group>"; };
		CC0C7624279BD077006C220A /* Info.plist */ = {isa = PBXFileReference; lastKnownFileType = text.plist.xml; path = Info.plist; sourceTree = "<group>"; };
		CC0C7625279BD077006C220A /* PushNotificationPayload.apns */ = {isa = PBXFileReference; lastKnownFileType = text; path = PushNotificationPayload.apns; sourceTree = "<group>"; };
		CC0C7638279BD23B006C220A /* SettingsView.swift */ = {isa = PBXFileReference; lastKnownFileType = sourcecode.swift; path = SettingsView.swift; sourceTree = "<group>"; };
		CC0C763A279BD241006C220A /* TimerView.swift */ = {isa = PBXFileReference; lastKnownFileType = sourcecode.swift; path = TimerView.swift; sourceTree = "<group>"; };
		CC0C763F279BD325006C220A /* TimerViewModel.swift */ = {isa = PBXFileReference; lastKnownFileType = sourcecode.swift; path = TimerViewModel.swift; sourceTree = "<group>"; };
		CC0C7641279BD32E006C220A /* SettingsViewModel.swift */ = {isa = PBXFileReference; lastKnownFileType = sourcecode.swift; path = SettingsViewModel.swift; sourceTree = "<group>"; };
		CC0C7643279BD335006C220A /* HomeViewModel.swift */ = {isa = PBXFileReference; lastKnownFileType = sourcecode.swift; path = HomeViewModel.swift; sourceTree = "<group>"; };
		CC970138279BDC0B00208A51 /* TimePickerView.swift */ = {isa = PBXFileReference; lastKnownFileType = sourcecode.swift; path = TimePickerView.swift; sourceTree = "<group>"; };
		CC97013A279BDCB300208A51 /* TimePickerViewModel.swift */ = {isa = PBXFileReference; lastKnownFileType = sourcecode.swift; path = TimePickerViewModel.swift; sourceTree = "<group>"; };
		CC97013D279BDF2F00208A51 /* IntExtension.swift */ = {isa = PBXFileReference; lastKnownFileType = sourcecode.swift; path = IntExtension.swift; sourceTree = "<group>"; };
		CC970140279C134A00208A51 /* CountdownCircleView.swift */ = {isa = PBXFileReference; lastKnownFileType = sourcecode.swift; path = CountdownCircleView.swift; sourceTree = "<group>"; };
		CC970142279C175800208A51 /* CountdownCircleViewModel.swift */ = {isa = PBXFileReference; lastKnownFileType = sourcecode.swift; path = CountdownCircleViewModel.swift; sourceTree = "<group>"; };
/* End PBXFileReference section */

/* Begin PBXFrameworksBuildPhase section */
		CC0C760D279BD077006C220A /* Frameworks */ = {
			isa = PBXFrameworksBuildPhase;
			buildActionMask = 2147483647;
			files = (
			);
			runOnlyForDeploymentPostprocessing = 0;
		};
/* End PBXFrameworksBuildPhase section */

/* Begin PBXGroup section */
		CC0C75FA279BD076006C220A = {
			isa = PBXGroup;
			children = (
				CC0C7609279BD076006C220A /* CircleTimer WatchKit App */,
				CC0C7614279BD077006C220A /* CircleTimer WatchKit Extension */,
				CC0C7602279BD076006C220A /* Products */,
				CC970130279BD7EC00208A51 /* Frameworks */,
			);
			sourceTree = "<group>";
		};
		CC0C7602279BD076006C220A /* Products */ = {
			isa = PBXGroup;
			children = (
				CC0C7601279BD076006C220A /* CircleTimer.app */,
				CC0C7605279BD076006C220A /* CircleTimer WatchKit App.app */,
				CC0C7610279BD077006C220A /* CircleTimer WatchKit Extension.appex */,
			);
			name = Products;
			sourceTree = "<group>";
		};
		CC0C7609279BD076006C220A /* CircleTimer WatchKit App */ = {
			isa = PBXGroup;
			children = (
				CC0C760A279BD077006C220A /* Assets.xcassets */,
			);
			path = "CircleTimer WatchKit App";
			sourceTree = "<group>";
		};
		CC0C7614279BD077006C220A /* CircleTimer WatchKit Extension */ = {
			isa = PBXGroup;
			children = (
				CC97013C279BDF2400208A51 /* Extensions */,
				CC0C7633279BD10B006C220A /* App */,
				CC0C7637279BD156006C220A /* Complication */,
				CC0C7635279BD126006C220A /* Notification */,
				CC0C7621279BD077006C220A /* Preview Content */,
				CC0C7636279BD13F006C220A /* Resources */,
				CC0C7634279BD11E006C220A /* Modules */,
			);
			path = "CircleTimer WatchKit Extension";
			sourceTree = "<group>";
		};
		CC0C7621279BD077006C220A /* Preview Content */ = {
			isa = PBXGroup;
			children = (
				CC0C7622279BD077006C220A /* Preview Assets.xcassets */,
			);
			path = "Preview Content";
			sourceTree = "<group>";
		};
		CC0C7633279BD10B006C220A /* App */ = {
			isa = PBXGroup;
			children = (
				CC0C7615279BD077006C220A /* CircleTimerApp.swift */,
			);
			path = App;
			sourceTree = "<group>";
		};
		CC0C7634279BD11E006C220A /* Modules */ = {
			isa = PBXGroup;
			children = (
				CC97013F279C133100208A51 /* CountdownCircleView */,
				CC970137279BDBFD00208A51 /* TimePickerView */,
				CC0C763E279BD313006C220A /* Timer */,
				CC0C763D279BD30D006C220A /* Settings */,
				CC0C763C279BD309006C220A /* Home */,
			);
			path = Modules;
			sourceTree = "<group>";
		};
		CC0C7635279BD126006C220A /* Notification */ = {
			isa = PBXGroup;
			children = (
				CC0C7619279BD077006C220A /* NotificationController.swift */,
				CC0C761B279BD077006C220A /* NotificationView.swift */,
			);
			path = Notification;
			sourceTree = "<group>";
		};
		CC0C7636279BD13F006C220A /* Resources */ = {
			isa = PBXGroup;
			children = (
				CC0C761F279BD077006C220A /* Assets.xcassets */,
				CC0C7624279BD077006C220A /* Info.plist */,
				CC0C7625279BD077006C220A /* PushNotificationPayload.apns */,
			);
			path = Resources;
			sourceTree = "<group>";
		};
		CC0C7637279BD156006C220A /* Complication */ = {
			isa = PBXGroup;
			children = (
				CC0C761D279BD077006C220A /* ComplicationController.swift */,
			);
			path = Complication;
			sourceTree = "<group>";
		};
		CC0C763C279BD309006C220A /* Home */ = {
			isa = PBXGroup;
			children = (
				CC0C7617279BD077006C220A /* HomeView.swift */,
				CC0C7643279BD335006C220A /* HomeViewModel.swift */,
			);
			path = Home;
			sourceTree = "<group>";
		};
		CC0C763D279BD30D006C220A /* Settings */ = {
			isa = PBXGroup;
			children = (
				CC0C7638279BD23B006C220A /* SettingsView.swift */,
				CC0C7641279BD32E006C220A /* SettingsViewModel.swift */,
			);
			path = Settings;
			sourceTree = "<group>";
		};
		CC0C763E279BD313006C220A /* Timer */ = {
			isa = PBXGroup;
			children = (
				CC0C763A279BD241006C220A /* TimerView.swift */,
				CC0C763F279BD325006C220A /* TimerViewModel.swift */,
			);
			path = Timer;
			sourceTree = "<group>";
		};
		CC970130279BD7EC00208A51 /* Frameworks */ = {
			isa = PBXGroup;
			children = (
			);
			name = Frameworks;
			sourceTree = "<group>";
		};
		CC970137279BDBFD00208A51 /* TimePickerView */ = {
			isa = PBXGroup;
			children = (
				CC970138279BDC0B00208A51 /* TimePickerView.swift */,
				CC97013A279BDCB300208A51 /* TimePickerViewModel.swift */,
			);
			path = TimePickerView;
			sourceTree = "<group>";
		};
		CC97013C279BDF2400208A51 /* Extensions */ = {
			isa = PBXGroup;
			children = (
				CC97013D279BDF2F00208A51 /* IntExtension.swift */,
			);
			path = Extensions;
			sourceTree = "<group>";
		};
		CC97013F279C133100208A51 /* CountdownCircleView */ = {
			isa = PBXGroup;
			children = (
				CC970140279C134A00208A51 /* CountdownCircleView.swift */,
				CC970142279C175800208A51 /* CountdownCircleViewModel.swift */,
			);
			path = CountdownCircleView;
			sourceTree = "<group>";
		};
/* End PBXGroup section */

/* Begin PBXNativeTarget section */
		CC0C7600279BD076006C220A /* CircleTimer */ = {
			isa = PBXNativeTarget;
			buildConfigurationList = CC0C7630279BD077006C220A /* Build configuration list for PBXNativeTarget "CircleTimer" */;
			buildPhases = (
				CC0C75FF279BD076006C220A /* Resources */,
				CC0C762F279BD077006C220A /* Embed Watch Content */,
			);
			buildRules = (
			);
			dependencies = (
				CC0C7608279BD076006C220A /* PBXTargetDependency */,
			);
			name = CircleTimer;
			productName = CircleTimer;
			productReference = CC0C7601279BD076006C220A /* CircleTimer.app */;
			productType = "com.apple.product-type.application.watchapp2-container";
		};
		CC0C7604279BD076006C220A /* CircleTimer WatchKit App */ = {
			isa = PBXNativeTarget;
			buildConfigurationList = CC0C762C279BD077006C220A /* Build configuration list for PBXNativeTarget "CircleTimer WatchKit App" */;
			buildPhases = (
				CC0C7603279BD076006C220A /* Resources */,
				CC970134279BD7EC00208A51 /* Embed App Extensions */,
			);
			buildRules = (
			);
			dependencies = (
				CC970133279BD7EC00208A51 /* PBXTargetDependency */,
			);
			name = "CircleTimer WatchKit App";
			productName = "CircleTimer WatchKit App";
			productReference = CC0C7605279BD076006C220A /* CircleTimer WatchKit App.app */;
			productType = "com.apple.product-type.application.watchapp2";
		};
		CC0C760F279BD077006C220A /* CircleTimer WatchKit Extension */ = {
			isa = PBXNativeTarget;
			buildConfigurationList = CC0C7628279BD077006C220A /* Build configuration list for PBXNativeTarget "CircleTimer WatchKit Extension" */;
			buildPhases = (
				CC0C760C279BD077006C220A /* Sources */,
				CC0C760D279BD077006C220A /* Frameworks */,
				CC0C760E279BD077006C220A /* Resources */,
			);
			buildRules = (
			);
			dependencies = (
			);
			name = "CircleTimer WatchKit Extension";
			productName = "CircleTimer WatchKit Extension";
			productReference = CC0C7610279BD077006C220A /* CircleTimer WatchKit Extension.appex */;
			productType = "com.apple.product-type.watchkit2-extension";
		};
/* End PBXNativeTarget section */

/* Begin PBXProject section */
		CC0C75FB279BD076006C220A /* Project object */ = {
			isa = PBXProject;
			attributes = {
				BuildIndependentTargetsInParallel = 1;
				LastSwiftUpdateCheck = 1320;
				LastUpgradeCheck = 1320;
				ORGANIZATIONNAME = "Kirill Kunst";
				TargetAttributes = {
					CC0C7600279BD076006C220A = {
						CreatedOnToolsVersion = 13.2.1;
					};
					CC0C7604279BD076006C220A = {
						CreatedOnToolsVersion = 13.2.1;
					};
					CC0C760F279BD077006C220A = {
						CreatedOnToolsVersion = 13.2.1;
					};
				};
			};
			buildConfigurationList = CC0C75FE279BD076006C220A /* Build configuration list for PBXProject "CircleTimer" */;
			compatibilityVersion = "Xcode 13.0";
			developmentRegion = en;
			hasScannedForEncodings = 0;
			knownRegions = (
				en,
				Base,
			);
			mainGroup = CC0C75FA279BD076006C220A;
			productRefGroup = CC0C7602279BD076006C220A /* Products */;
			projectDirPath = "";
			projectRoot = "";
			targets = (
				CC0C7600279BD076006C220A /* CircleTimer */,
				CC0C7604279BD076006C220A /* CircleTimer WatchKit App */,
				CC0C760F279BD077006C220A /* CircleTimer WatchKit Extension */,
			);
		};
/* End PBXProject section */

/* Begin PBXResourcesBuildPhase section */
		CC0C75FF279BD076006C220A /* Resources */ = {
			isa = PBXResourcesBuildPhase;
			buildActionMask = 2147483647;
			files = (
			);
			runOnlyForDeploymentPostprocessing = 0;
		};
		CC0C7603279BD076006C220A /* Resources */ = {
			isa = PBXResourcesBuildPhase;
			buildActionMask = 2147483647;
			files = (
				CC0C760B279BD077006C220A /* Assets.xcassets in Resources */,
			);
			runOnlyForDeploymentPostprocessing = 0;
		};
		CC0C760E279BD077006C220A /* Resources */ = {
			isa = PBXResourcesBuildPhase;
			buildActionMask = 2147483647;
			files = (
				CC0C7623279BD077006C220A /* Preview Assets.xcassets in Resources */,
				CC0C7620279BD077006C220A /* Assets.xcassets in Resources */,
			);
			runOnlyForDeploymentPostprocessing = 0;
		};
/* End PBXResourcesBuildPhase section */

/* Begin PBXSourcesBuildPhase section */
		CC0C760C279BD077006C220A /* Sources */ = {
			isa = PBXSourcesBuildPhase;
			buildActionMask = 2147483647;
			files = (
				CC0C763B279BD241006C220A /* TimerView.swift in Sources */,
				CC97013B279BDCB300208A51 /* TimePickerViewModel.swift in Sources */,
				CC0C761A279BD077006C220A /* NotificationController.swift in Sources */,
				CC0C7644279BD335006C220A /* HomeViewModel.swift in Sources */,
				CC970143279C175800208A51 /* CountdownCircleViewModel.swift in Sources */,
				CC970141279C134A00208A51 /* CountdownCircleView.swift in Sources */,
				CC970136279BD9D900208A51 /* HomeView.swift in Sources */,
				CC0C761E279BD077006C220A /* ComplicationController.swift in Sources */,
				CC0C7640279BD325006C220A /* TimerViewModel.swift in Sources */,
				CC97013E279BDF2F00208A51 /* IntExtension.swift in Sources */,
				CC0C7639279BD23B006C220A /* SettingsView.swift in Sources */,
				CC0C7616279BD077006C220A /* CircleTimerApp.swift in Sources */,
				CC0C761C279BD077006C220A /* NotificationView.swift in Sources */,
				CC970139279BDC0B00208A51 /* TimePickerView.swift in Sources */,
				CC0C7642279BD32E006C220A /* SettingsViewModel.swift in Sources */,
			);
			runOnlyForDeploymentPostprocessing = 0;
		};
/* End PBXSourcesBuildPhase section */

/* Begin PBXTargetDependency section */
		CC0C7608279BD076006C220A /* PBXTargetDependency */ = {
			isa = PBXTargetDependency;
			target = CC0C7604279BD076006C220A /* CircleTimer WatchKit App */;
			targetProxy = CC0C7607279BD076006C220A /* PBXContainerItemProxy */;
		};
		CC970133279BD7EC00208A51 /* PBXTargetDependency */ = {
			isa = PBXTargetDependency;
			target = CC0C760F279BD077006C220A /* CircleTimer WatchKit Extension */;
			targetProxy = CC970132279BD7EC00208A51 /* PBXContainerItemProxy */;
		};
/* End PBXTargetDependency section */

/* Begin XCBuildConfiguration section */
		CC0C7626279BD077006C220A /* Debug */ = {
			isa = XCBuildConfiguration;
			buildSettings = {
				ALWAYS_SEARCH_USER_PATHS = NO;
				CLANG_ANALYZER_NONNULL = YES;
				CLANG_ANALYZER_NUMBER_OBJECT_CONVERSION = YES_AGGRESSIVE;
				CLANG_CXX_LANGUAGE_STANDARD = "gnu++17";
				CLANG_CXX_LIBRARY = "libc++";
				CLANG_ENABLE_MODULES = YES;
				CLANG_ENABLE_OBJC_ARC = YES;
				CLANG_ENABLE_OBJC_WEAK = YES;
				CLANG_WARN_BLOCK_CAPTURE_AUTORELEASING = YES;
				CLANG_WARN_BOOL_CONVERSION = YES;
				CLANG_WARN_COMMA = YES;
				CLANG_WARN_CONSTANT_CONVERSION = YES;
				CLANG_WARN_DEPRECATED_OBJC_IMPLEMENTATIONS = YES;
				CLANG_WARN_DIRECT_OBJC_ISA_USAGE = YES_ERROR;
				CLANG_WARN_DOCUMENTATION_COMMENTS = YES;
				CLANG_WARN_EMPTY_BODY = YES;
				CLANG_WARN_ENUM_CONVERSION = YES;
				CLANG_WARN_INFINITE_RECURSION = YES;
				CLANG_WARN_INT_CONVERSION = YES;
				CLANG_WARN_NON_LITERAL_NULL_CONVERSION = YES;
				CLANG_WARN_OBJC_IMPLICIT_RETAIN_SELF = YES;
				CLANG_WARN_OBJC_LITERAL_CONVERSION = YES;
				CLANG_WARN_OBJC_ROOT_CLASS = YES_ERROR;
				CLANG_WARN_QUOTED_INCLUDE_IN_FRAMEWORK_HEADER = YES;
				CLANG_WARN_RANGE_LOOP_ANALYSIS = YES;
				CLANG_WARN_STRICT_PROTOTYPES = YES;
				CLANG_WARN_SUSPICIOUS_MOVE = YES;
				CLANG_WARN_UNGUARDED_AVAILABILITY = YES_AGGRESSIVE;
				CLANG_WARN_UNREACHABLE_CODE = YES;
				CLANG_WARN__DUPLICATE_METHOD_MATCH = YES;
				COPY_PHASE_STRIP = NO;
				DEBUG_INFORMATION_FORMAT = dwarf;
				ENABLE_STRICT_OBJC_MSGSEND = YES;
				ENABLE_TESTABILITY = YES;
				GCC_C_LANGUAGE_STANDARD = gnu11;
				GCC_DYNAMIC_NO_PIC = NO;
				GCC_NO_COMMON_BLOCKS = YES;
				GCC_OPTIMIZATION_LEVEL = 0;
				GCC_PREPROCESSOR_DEFINITIONS = (
					"DEBUG=1",
					"$(inherited)",
				);
				GCC_WARN_64_TO_32_BIT_CONVERSION = YES;
				GCC_WARN_ABOUT_RETURN_TYPE = YES_ERROR;
				GCC_WARN_UNDECLARED_SELECTOR = YES;
				GCC_WARN_UNINITIALIZED_AUTOS = YES_AGGRESSIVE;
				GCC_WARN_UNUSED_FUNCTION = YES;
				GCC_WARN_UNUSED_VARIABLE = YES;
				IPHONEOS_DEPLOYMENT_TARGET = 15.0;
				MTL_ENABLE_DEBUG_INFO = INCLUDE_SOURCE;
				MTL_FAST_MATH = YES;
				ONLY_ACTIVE_ARCH = YES;
				SDKROOT = iphoneos;
				SWIFT_ACTIVE_COMPILATION_CONDITIONS = DEBUG;
				SWIFT_OPTIMIZATION_LEVEL = "-Onone";
			};
			name = Debug;
		};
		CC0C7627279BD077006C220A /* Release */ = {
			isa = XCBuildConfiguration;
			buildSettings = {
				ALWAYS_SEARCH_USER_PATHS = NO;
				CLANG_ANALYZER_NONNULL = YES;
				CLANG_ANALYZER_NUMBER_OBJECT_CONVERSION = YES_AGGRESSIVE;
				CLANG_CXX_LANGUAGE_STANDARD = "gnu++17";
				CLANG_CXX_LIBRARY = "libc++";
				CLANG_ENABLE_MODULES = YES;
				CLANG_ENABLE_OBJC_ARC = YES;
				CLANG_ENABLE_OBJC_WEAK = YES;
				CLANG_WARN_BLOCK_CAPTURE_AUTORELEASING = YES;
				CLANG_WARN_BOOL_CONVERSION = YES;
				CLANG_WARN_COMMA = YES;
				CLANG_WARN_CONSTANT_CONVERSION = YES;
				CLANG_WARN_DEPRECATED_OBJC_IMPLEMENTATIONS = YES;
				CLANG_WARN_DIRECT_OBJC_ISA_USAGE = YES_ERROR;
				CLANG_WARN_DOCUMENTATION_COMMENTS = YES;
				CLANG_WARN_EMPTY_BODY = YES;
				CLANG_WARN_ENUM_CONVERSION = YES;
				CLANG_WARN_INFINITE_RECURSION = YES;
				CLANG_WARN_INT_CONVERSION = YES;
				CLANG_WARN_NON_LITERAL_NULL_CONVERSION = YES;
				CLANG_WARN_OBJC_IMPLICIT_RETAIN_SELF = YES;
				CLANG_WARN_OBJC_LITERAL_CONVERSION = YES;
				CLANG_WARN_OBJC_ROOT_CLASS = YES_ERROR;
				CLANG_WARN_QUOTED_INCLUDE_IN_FRAMEWORK_HEADER = YES;
				CLANG_WARN_RANGE_LOOP_ANALYSIS = YES;
				CLANG_WARN_STRICT_PROTOTYPES = YES;
				CLANG_WARN_SUSPICIOUS_MOVE = YES;
				CLANG_WARN_UNGUARDED_AVAILABILITY = YES_AGGRESSIVE;
				CLANG_WARN_UNREACHABLE_CODE = YES;
				CLANG_WARN__DUPLICATE_METHOD_MATCH = YES;
				COPY_PHASE_STRIP = NO;
				DEBUG_INFORMATION_FORMAT = "dwarf-with-dsym";
				ENABLE_NS_ASSERTIONS = NO;
				ENABLE_STRICT_OBJC_MSGSEND = YES;
				GCC_C_LANGUAGE_STANDARD = gnu11;
				GCC_NO_COMMON_BLOCKS = YES;
				GCC_WARN_64_TO_32_BIT_CONVERSION = YES;
				GCC_WARN_ABOUT_RETURN_TYPE = YES_ERROR;
				GCC_WARN_UNDECLARED_SELECTOR = YES;
				GCC_WARN_UNINITIALIZED_AUTOS = YES_AGGRESSIVE;
				GCC_WARN_UNUSED_FUNCTION = YES;
				GCC_WARN_UNUSED_VARIABLE = YES;
				IPHONEOS_DEPLOYMENT_TARGET = 15.0;
				MTL_ENABLE_DEBUG_INFO = NO;
				MTL_FAST_MATH = YES;
				SDKROOT = iphoneos;
				SWIFT_COMPILATION_MODE = wholemodule;
				SWIFT_OPTIMIZATION_LEVEL = "-O";
				VALIDATE_PRODUCT = YES;
			};
			name = Release;
		};
		CC0C7629279BD077006C220A /* Debug */ = {
			isa = XCBuildConfiguration;
			buildSettings = {
				ASSETCATALOG_COMPILER_COMPLICATION_NAME = Complication;
				CODE_SIGN_STYLE = Automatic;
				CURRENT_PROJECT_VERSION = 1;
				DEVELOPMENT_ASSET_PATHS = "\"CircleTimer WatchKit Extension/Preview Content\"";
				DEVELOPMENT_TEAM = 983G5U62PZ;
				ENABLE_PREVIEWS = YES;
				GENERATE_INFOPLIST_FILE = YES;
				INFOPLIST_FILE = "CircleTimer WatchKit Extension/Resources/Info.plist";
				INFOPLIST_KEY_CFBundleDisplayName = "CircleTimer WatchKit Extension";
				INFOPLIST_KEY_CLKComplicationPrincipalClass = ComplicationController;
				INFOPLIST_KEY_NSHumanReadableCopyright = "";
				INFOPLIST_KEY_WKWatchOnly = YES;
				LD_RUNPATH_SEARCH_PATHS = (
					"$(inherited)",
					"@executable_path/Frameworks",
					"@executable_path/../../Frameworks",
				);
				MARKETING_VERSION = 1.0;
				PRODUCT_BUNDLE_IDENTIFIER = com.kunst.circletimer.watchkitapp.watchkitextension;
				PRODUCT_NAME = "${TARGET_NAME}";
				SDKROOT = watchos;
				SKIP_INSTALL = YES;
				SWIFT_EMIT_LOC_STRINGS = YES;
				SWIFT_VERSION = 5.0;
				TARGETED_DEVICE_FAMILY = 4;
				WATCHOS_DEPLOYMENT_TARGET = 8.3;
			};
			name = Debug;
		};
		CC0C762A279BD077006C220A /* Release */ = {
			isa = XCBuildConfiguration;
			buildSettings = {
				ASSETCATALOG_COMPILER_COMPLICATION_NAME = Complication;
				CODE_SIGN_STYLE = Automatic;
				CURRENT_PROJECT_VERSION = 1;
				DEVELOPMENT_ASSET_PATHS = "\"CircleTimer WatchKit Extension/Preview Content\"";
				DEVELOPMENT_TEAM = 983G5U62PZ;
				ENABLE_PREVIEWS = YES;
				GENERATE_INFOPLIST_FILE = YES;
				INFOPLIST_FILE = "CircleTimer WatchKit Extension/Resources/Info.plist";
				INFOPLIST_KEY_CFBundleDisplayName = "CircleTimer WatchKit Extension";
				INFOPLIST_KEY_CLKComplicationPrincipalClass = ComplicationController;
				INFOPLIST_KEY_NSHumanReadableCopyright = "";
				INFOPLIST_KEY_WKWatchOnly = YES;
				LD_RUNPATH_SEARCH_PATHS = (
					"$(inherited)",
					"@executable_path/Frameworks",
					"@executable_path/../../Frameworks",
				);
				MARKETING_VERSION = 1.0;
				PRODUCT_BUNDLE_IDENTIFIER = com.kunst.circletimer.watchkitapp.watchkitextension;
				PRODUCT_NAME = "${TARGET_NAME}";
				SDKROOT = watchos;
				SKIP_INSTALL = YES;
				SWIFT_EMIT_LOC_STRINGS = YES;
				SWIFT_VERSION = 5.0;
				TARGETED_DEVICE_FAMILY = 4;
				WATCHOS_DEPLOYMENT_TARGET = 8.3;
			};
			name = Release;
		};
		CC0C762D279BD077006C220A /* Debug */ = {
			isa = XCBuildConfiguration;
			buildSettings = {
				ASSETCATALOG_COMPILER_APPICON_NAME = AppIcon;
				ASSETCATALOG_COMPILER_GLOBAL_ACCENT_COLOR_NAME = AccentColor;
				CODE_SIGN_STYLE = Automatic;
				CURRENT_PROJECT_VERSION = 1;
				DEVELOPMENT_TEAM = 983G5U62PZ;
				GENERATE_INFOPLIST_FILE = YES;
				IBSC_MODULE = CircleTimer_WatchKit_Extension;
				INFOPLIST_KEY_UISupportedInterfaceOrientations = "UIInterfaceOrientationPortrait UIInterfaceOrientationPortraitUpsideDown";
				MARKETING_VERSION = 1.0;
				PRODUCT_BUNDLE_IDENTIFIER = com.kunst.circletimer.watchkitapp;
				PRODUCT_NAME = "CircleTimer WatchKit App";
				SDKROOT = watchos;
				SKIP_INSTALL = YES;
				SWIFT_EMIT_LOC_STRINGS = YES;
				SWIFT_VERSION = 5.0;
				TARGETED_DEVICE_FAMILY = 4;
				WATCHOS_DEPLOYMENT_TARGET = 8.3;
			};
			name = Debug;
		};
		CC0C762E279BD077006C220A /* Release */ = {
			isa = XCBuildConfiguration;
			buildSettings = {
				ASSETCATALOG_COMPILER_APPICON_NAME = AppIcon;
				ASSETCATALOG_COMPILER_GLOBAL_ACCENT_COLOR_NAME = AccentColor;
				CODE_SIGN_STYLE = Automatic;
				CURRENT_PROJECT_VERSION = 1;
				DEVELOPMENT_TEAM = 983G5U62PZ;
				GENERATE_INFOPLIST_FILE = YES;
				IBSC_MODULE = CircleTimer_WatchKit_Extension;
				INFOPLIST_KEY_UISupportedInterfaceOrientations = "UIInterfaceOrientationPortrait UIInterfaceOrientationPortraitUpsideDown";
				MARKETING_VERSION = 1.0;
				PRODUCT_BUNDLE_IDENTIFIER = com.kunst.circletimer.watchkitapp;
				PRODUCT_NAME = "CircleTimer WatchKit App";
				SDKROOT = watchos;
				SKIP_INSTALL = YES;
				SWIFT_EMIT_LOC_STRINGS = YES;
				SWIFT_VERSION = 5.0;
				TARGETED_DEVICE_FAMILY = 4;
				WATCHOS_DEPLOYMENT_TARGET = 8.3;
			};
			name = Release;
		};
		CC0C7631279BD077006C220A /* Debug */ = {
			isa = XCBuildConfiguration;
			buildSettings = {
				CODE_SIGN_STYLE = Automatic;
				CURRENT_PROJECT_VERSION = 1;
				DEVELOPMENT_TEAM = 983G5U62PZ;
				MARKETING_VERSION = 1.0;
				PRODUCT_BUNDLE_IDENTIFIER = com.kunst.circletimer;
				PRODUCT_NAME = "$(TARGET_NAME)";
				SWIFT_VERSION = 5.0;
			};
			name = Debug;
		};
		CC0C7632279BD077006C220A /* Release */ = {
			isa = XCBuildConfiguration;
			buildSettings = {
				CODE_SIGN_STYLE = Automatic;
				CURRENT_PROJECT_VERSION = 1;
				DEVELOPMENT_TEAM = 983G5U62PZ;
				MARKETING_VERSION = 1.0;
				PRODUCT_BUNDLE_IDENTIFIER = com.kunst.circletimer;
				PRODUCT_NAME = "$(TARGET_NAME)";
				SWIFT_VERSION = 5.0;
			};
			name = Release;
		};
/* End XCBuildConfiguration section */

/* Begin XCConfigurationList section */
		CC0C75FE279BD076006C220A /* Build configuration list for PBXProject "CircleTimer" */ = {
			isa = XCConfigurationList;
			buildConfigurations = (
				CC0C7626279BD077006C220A /* Debug */,
				CC0C7627279BD077006C220A /* Release */,
			);
			defaultConfigurationIsVisible = 0;
			defaultConfigurationName = Release;
		};
		CC0C7628279BD077006C220A /* Build configuration list for PBXNativeTarget "CircleTimer WatchKit Extension" */ = {
			isa = XCConfigurationList;
			buildConfigurations = (
				CC0C7629279BD077006C220A /* Debug */,
				CC0C762A279BD077006C220A /* Release */,
			);
			defaultConfigurationIsVisible = 0;
			defaultConfigurationName = Release;
		};
		CC0C762C279BD077006C220A /* Build configuration list for PBXNativeTarget "CircleTimer WatchKit App" */ = {
			isa = XCConfigurationList;
			buildConfigurations = (
				CC0C762D279BD077006C220A /* Debug */,
				CC0C762E279BD077006C220A /* Release */,
			);
			defaultConfigurationIsVisible = 0;
			defaultConfigurationName = Release;
		};
		CC0C7630279BD077006C220A /* Build configuration list for PBXNativeTarget "CircleTimer" */ = {
			isa = XCConfigurationList;
			buildConfigurations = (
				CC0C7631279BD077006C220A /* Debug */,
				CC0C7632279BD077006C220A /* Release */,
			);
			defaultConfigurationIsVisible = 0;
			defaultConfigurationName = Release;
		};
/* End XCConfigurationList section */
	};
	rootObject = CC0C75FB279BD076006C220A /* Project object */;
}
